
Microsoft Visual Studio Solution File, Format Version 12.00
# Visual Studio Version 16
VisualStudioVersion = 16.0.31205.134
MinimumVisualStudioVersion = 10.0.40219.1
Project("{9A19103F-16F7-4668-BE54-9A1E7A4F7556}") = "CRUD_sem_BD", "CRUD_sem_BD.csproj", "{0B60DBDC-3237-404A-A095-FEC2EFA348B7}"
EndProject
Global
	GlobalSection(SolutionConfigurationPlatforms) = preSolution
		Debug|Any CPU = Debug|Any CPU
		Release|Any CPU = Release|Any CPU
	EndGlobalSection
	GlobalSection(ProjectConfigurationPlatforms) = postSolution
		{0B60DBDC-3237-404A-A095-FEC2EFA348B7}.Debug|Any CPU.ActiveCfg = Debug|Any CPU
		{0B60DBDC-3237-404A-A095-FEC2EFA348B7}.Debug|Any CPU.Build.0 = Debug|Any CPU
		{0B60DBDC-3237-404A-A095-FEC2EFA348B7}.Release|Any CPU.ActiveCfg = Release|Any CPU
		{0B60DBDC-3237-404A-A095-FEC2EFA348B7}.Release|Any CPU.Build.0 = Release|Any CPU
	EndGlobalSection
	GlobalSection(SolutionProperties) = preSolution
		HideSolutionNode = FALSE
	EndGlobalSection
	GlobalSection(ExtensibilityGlobals) = postSolution
		SolutionGuid = {280138A6-E0D6-4716-A6C6-D872C80A0C7A}
	EndGlobalSection
EndGlobal
